
Microsoft Visual Studio Solution File, Format Version 12.00
# Visual Studio Version 17
VisualStudioVersion = 17.4.33213.308
MinimumVisualStudioVersion = 10.0.40219.1
Project("{9A19103F-16F7-4668-BE54-9A1E7A4F7556}") = "Myfirstrepository", "Myfirstrepository\Myfirstrepository.csproj", "{4C0DB91A-A21A-431B-B741-39C276DF4DC9}"
EndProject
Global
	GlobalSection(SolutionConfigurationPlatforms) = preSolution
		Debug|Any CPU = Debug|Any CPU
		Release|Any CPU = Release|Any CPU
	EndGlobalSection
	GlobalSection(ProjectConfigurationPlatforms) = postSolution
		{4C0DB91A-A21A-431B-B741-39C276DF4DC9}.Debug|Any CPU.ActiveCfg = Debug|Any CPU
		{4C0DB91A-A21A-431B-B741-39C276DF4DC9}.Debug|Any CPU.Build.0 = Debug|Any CPU
		{4C0DB91A-A21A-431B-B741-39C276DF4DC9}.Release|Any CPU.ActiveCfg = Release|Any CPU
		{4C0DB91A-A21A-431B-B741-39C276DF4DC9}.Release|Any CPU.Build.0 = Release|Any CPU
	EndGlobalSection
	GlobalSection(SolutionProperties) = preSolution
		HideSolutionNode = FALSE
	EndGlobalSection
	GlobalSection(ExtensibilityGlobals) = postSolution
		SolutionGuid = {29E91D87-1E62-45BF-8325-9281E4CE39EC}
	EndGlobalSection
EndGlobal
